
Microsoft Visual Studio Solution File, Format Version 12.00
# Visual Studio Version 16
VisualStudioVersion = 16.0.30114.105
MinimumVisualStudioVersion = 10.0.40219.1
Project("{2150E333-8FDC-42A3-9474-1A3956D46DE8}") = "packages", "packages", "{7278963E-56C8-4B25-A138-1F0DF9119D46}"
EndProject
Project("{F2A71F9B-5D33-465A-A702-920D77279786}") = "frontend", "packages\frontend\frontend.fsproj", "{5F2C3EDA-FD7B-4E3D-A8AD-78C1D85FA4BA}"
EndProject
Project("{F2A71F9B-5D33-465A-A702-920D77279786}") = "gui", "packages\gui\gui.fsproj", "{C99AEF20-F75F-415C-8665-AF97D119C8AC}"
EndProject
Project("{F2A71F9B-5D33-465A-A702-920D77279786}") = "ssg", "packages\ssg\ssg.fsproj", "{6580A64C-6B78-4240-B3A7-9C5372E7697F}"
EndProject
Global
	GlobalSection(SolutionProperties) = preSolution
		HideSolutionNode = FALSE
	EndGlobalSection
	GlobalSection(SolutionConfigurationPlatforms) = preSolution
		Debug|Any CPU = Debug|Any CPU
		Debug|x64 = Debug|x64
		Debug|x86 = Debug|x86
		Release|Any CPU = Release|Any CPU
		Release|x64 = Release|x64
		Release|x86 = Release|x86
	EndGlobalSection
	GlobalSection(ProjectConfigurationPlatforms) = postSolution
		{5F2C3EDA-FD7B-4E3D-A8AD-78C1D85FA4BA}.Debug|Any CPU.ActiveCfg = Debug|Any CPU
		{5F2C3EDA-FD7B-4E3D-A8AD-78C1D85FA4BA}.Debug|Any CPU.Build.0 = Debug|Any CPU
		{5F2C3EDA-FD7B-4E3D-A8AD-78C1D85FA4BA}.Debug|x64.ActiveCfg = Debug|Any CPU
		{5F2C3EDA-FD7B-4E3D-A8AD-78C1D85FA4BA}.Debug|x64.Build.0 = Debug|Any CPU
		{5F2C3EDA-FD7B-4E3D-A8AD-78C1D85FA4BA}.Debug|x86.ActiveCfg = Debug|Any CPU
		{5F2C3EDA-FD7B-4E3D-A8AD-78C1D85FA4BA}.Debug|x86.Build.0 = Debug|Any CPU
		{5F2C3EDA-FD7B-4E3D-A8AD-78C1D85FA4BA}.Release|Any CPU.ActiveCfg = Release|Any CPU
		{5F2C3EDA-FD7B-4E3D-A8AD-78C1D85FA4BA}.Release|Any CPU.Build.0 = Release|Any CPU
		{5F2C3EDA-FD7B-4E3D-A8AD-78C1D85FA4BA}.Release|x64.ActiveCfg = Release|Any CPU
		{5F2C3EDA-FD7B-4E3D-A8AD-78C1D85FA4BA}.Release|x64.Build.0 = Release|Any CPU
		{5F2C3EDA-FD7B-4E3D-A8AD-78C1D85FA4BA}.Release|x86.ActiveCfg = Release|Any CPU
		{5F2C3EDA-FD7B-4E3D-A8AD-78C1D85FA4BA}.Release|x86.Build.0 = Release|Any CPU
		{C99AEF20-F75F-415C-8665-AF97D119C8AC}.Debug|Any CPU.ActiveCfg = Debug|Any CPU
		{C99AEF20-F75F-415C-8665-AF97D119C8AC}.Debug|Any CPU.Build.0 = Debug|Any CPU
		{C99AEF20-F75F-415C-8665-AF97D119C8AC}.Debug|x64.ActiveCfg = Debug|Any CPU
		{C99AEF20-F75F-415C-8665-AF97D119C8AC}.Debug|x64.Build.0 = Debug|Any CPU
		{C99AEF20-F75F-415C-8665-AF97D119C8AC}.Debug|x86.ActiveCfg = Debug|Any CPU
		{C99AEF20-F75F-415C-8665-AF97D119C8AC}.Debug|x86.Build.0 = Debug|Any CPU
		{C99AEF20-F75F-415C-8665-AF97D119C8AC}.Release|Any CPU.ActiveCfg = Release|Any CPU
		{C99AEF20-F75F-415C-8665-AF97D119C8AC}.Release|Any CPU.Build.0 = Release|Any CPU
		{C99AEF20-F75F-415C-8665-AF97D119C8AC}.Release|x64.ActiveCfg = Release|Any CPU
		{C99AEF20-F75F-415C-8665-AF97D119C8AC}.Release|x64.Build.0 = Release|Any CPU
		{C99AEF20-F75F-415C-8665-AF97D119C8AC}.Release|x86.ActiveCfg = Release|Any CPU
		{C99AEF20-F75F-415C-8665-AF97D119C8AC}.Release|x86.Build.0 = Release|Any CPU
		{6580A64C-6B78-4240-B3A7-9C5372E7697F}.Debug|Any CPU.ActiveCfg = Debug|Any CPU
		{6580A64C-6B78-4240-B3A7-9C5372E7697F}.Debug|Any CPU.Build.0 = Debug|Any CPU
		{6580A64C-6B78-4240-B3A7-9C5372E7697F}.Debug|x64.ActiveCfg = Debug|Any CPU
		{6580A64C-6B78-4240-B3A7-9C5372E7697F}.Debug|x64.Build.0 = Debug|Any CPU
		{6580A64C-6B78-4240-B3A7-9C5372E7697F}.Debug|x86.ActiveCfg = Debug|Any CPU
		{6580A64C-6B78-4240-B3A7-9C5372E7697F}.Debug|x86.Build.0 = Debug|Any CPU
		{6580A64C-6B78-4240-B3A7-9C5372E7697F}.Release|Any CPU.ActiveCfg = Release|Any CPU
		{6580A64C-6B78-4240-B3A7-9C5372E7697F}.Release|Any CPU.Build.0 = Release|Any CPU
		{6580A64C-6B78-4240-B3A7-9C5372E7697F}.Release|x64.ActiveCfg = Release|Any CPU
		{6580A64C-6B78-4240-B3A7-9C5372E7697F}.Release|x64.Build.0 = Release|Any CPU
		{6580A64C-6B78-4240-B3A7-9C5372E7697F}.Release|x86.ActiveCfg = Release|Any CPU
		{6580A64C-6B78-4240-B3A7-9C5372E7697F}.Release|x86.Build.0 = Release|Any CPU
	EndGlobalSection
	GlobalSection(NestedProjects) = preSolution
		{5F2C3EDA-FD7B-4E3D-A8AD-78C1D85FA4BA} = {7278963E-56C8-4B25-A138-1F0DF9119D46}
		{C99AEF20-F75F-415C-8665-AF97D119C8AC} = {7278963E-56C8-4B25-A138-1F0DF9119D46}
		{6580A64C-6B78-4240-B3A7-9C5372E7697F} = {7278963E-56C8-4B25-A138-1F0DF9119D46}
	EndGlobalSection
EndGlobal
